
Microsoft Visual Studio Solution File, Format Version 12.00
# Visual Studio Version 16
VisualStudioVersion = 16.0.32413.511
MinimumVisualStudioVersion = 10.0.40219.1
Project("{FAE04EC0-301F-11D3-BF4B-00C04F79EFBC}") = "P128HomeWork", "P128HomeWork.csproj", "{A9ADB973-607F-40E8-B278-354A23BF32C7}"
EndProject
Global
	GlobalSection(SolutionConfigurationPlatforms) = preSolution
		Debug|Any CPU = Debug|Any CPU
		Release|Any CPU = Release|Any CPU
	EndGlobalSection
	GlobalSection(ProjectConfigurationPlatforms) = postSolution
		{A9ADB973-607F-40E8-B278-354A23BF32C7}.Debug|Any CPU.ActiveCfg = Debug|Any CPU
		{A9ADB973-607F-40E8-B278-354A23BF32C7}.Debug|Any CPU.Build.0 = Debug|Any CPU
		{A9ADB973-607F-40E8-B278-354A23BF32C7}.Release|Any CPU.ActiveCfg = Release|Any CPU
		{A9ADB973-607F-40E8-B278-354A23BF32C7}.Release|Any CPU.Build.0 = Release|Any CPU
	EndGlobalSection
	GlobalSection(SolutionProperties) = preSolution
		HideSolutionNode = FALSE
	EndGlobalSection
	GlobalSection(ExtensibilityGlobals) = postSolution
		SolutionGuid = {EF7F4446-5BB1-49BF-AC22-57CECB18DC59}
	EndGlobalSection
EndGlobal
